<?xml version="1.0" encoding="utf-8"?>
<Project ToolsVersion="4.0" xmlns="http://schemas.microsoft.com/developer/msbuild/2003">
  <ItemGroup>
    <Filter Include="Source Files">
      <UniqueIdentifier>{4FC737F1-C7A5-4376-A066-2A32D752A2FF}</UniqueIdentifier>
      <Extensions>cpp;c;cc;cxx;c++;cppm;ixx;def;odl;idl;hpj;bat;asm;asmx</Extensions>
    </Filter>
    <Filter Include="Header Files">
      <UniqueIdentifier>{93995380-89BD-4b04-88EB-625FBE52EBFB}</UniqueIdentifier>
      <Extensions>h;hh;hpp;hxx;h++;hm;inl;inc;ipp;xsd</Extensions>
    </Filter>
    <Filter Include="Resource Files">
      <UniqueIdentifier>{67DA6AB6-F800-4c08-8B7A-83BB121AAD01}</UniqueIdentifier>
      <Extensions>rc;ico;cur;bmp;dlg;rc2;rct;bin;rgs;gif;jpg;jpeg;jpe;resx;tiff;tif;png;wav;mfcribbon-ms</Extensions>
    </Filter>
    <Filter Include="Header Files\ImGui">
      <UniqueIdentifier>{0ec97b56-22f3-49ae-b900-20acee75ca8b}</UniqueIdentifier>
    </Filter>
    <Filter Include="Source Files\ImGui">
      <UniqueIdentifier>{aa8bc92c-4222-4ba3-8d8b-2715601e0665}</UniqueIdentifier>
    </Filter>
    <Filter Include="Header Files\Glad">
      <UniqueIdentifier>{3adde8cb-7235-4082-8d5a-698f5f2074d2}</UniqueIdentifier>
    </Filter>
    <Filter Include="Source Files\Glad">
      <UniqueIdentifier>{3bc89c8b-86c8-4aed-8f2d-46cfa1813939}</UniqueIdentifier>
    </Filter>
    <Filter Include="Source Files\UI">
      <UniqueIdentifier>{a1b2c3d4-0001-0001-0001-000000000001}</UniqueIdentifier>
    </Filter>
    <Filter Include="Source Files\Logic">
      <UniqueIdentifier>{a1b2c3d4-0002-0002-0002-000000000002}</UniqueIdentifier>
    </Filter>
    <Filter Include="Header Files\UI">
      <UniqueIdentifier>{a1b2c3d4-0003-0003-0003-000000000003}</UniqueIdentifier>
    </Filter>
    <Filter Include="Header Files\Logic">
      <UniqueIdentifier>{a1b2c3d4-0004-0004-0004-000000000004}</UniqueIdentifier>
    </Filter>
  </ItemGroup>
  <ItemGroup>
    <!-- Entry point -->
    <ClCompile Include="src\main.cpp">
      <Filter>Source Files</Filter>
    </ClCompile>
    <!-- ImGui backend -->
    <ClCompile Include="dependencies\include\ImGui\imgui_widgets.cpp">
      <Filter>Source Files\ImGui</Filter>
    </ClCompile>
    <ClCompile Include="dependencies\include\ImGui\imgui.cpp">
      <Filter>Source Files\ImGui</Filter>
    </ClCompile>
    <ClCompile Include="dependencies\include\ImGui\imgui_demo.cpp">
      <Filter>Source Files\ImGui</Filter>
    </ClCompile>
    <ClCompile Include="dependencies\include\ImGui\imgui_draw.cpp">
      <Filter>Source Files\ImGui</Filter>
    </ClCompile>
    <ClCompile Include="dependencies\include\ImGui\imgui_impl_glfw.cpp">
      <Filter>Source Files\ImGui</Filter>
    </ClCompile>
    <ClCompile Include="dependencies\include\ImGui\imgui_impl_opengl3.cpp">
      <Filter>Source Files\ImGui</Filter>
    </ClCompile>
    <ClCompile Include="dependencies\include\ImGui\imgui_tables.cpp">
      <Filter>Source Files\ImGui</Filter>
    </ClCompile>
    <!-- OpenGL loader -->
    <ClCompile Include="src\glad.c">
      <Filter>Source Files\Glad</Filter>
    </ClCompile>
    <!-- UI layer: window, panels, popups, screens, rendering helpers -->
    <ClCompile Include="src\frame.cpp">
      <Filter>Source Files\UI</Filter>
    </ClCompile>
    <ClCompile Include="src\panels.cpp">
      <Filter>Source Files\UI</Filter>
    </ClCompile>
    <ClCompile Include="src\popups.cpp">
      <Filter>Source Files\UI</Filter>
    </ClCompile>
    <ClCompile Include="src\render.cpp">
      <Filter>Source Files\UI</Filter>
    </ClCompile>
    <ClCompile Include="src\screens.cpp">
      <Filter>Source Files\UI</Filter>
    </ClCompile>
    <!-- Logic layer: vault, crypto, settings persistence, updater -->
    <ClCompile Include="src\password_manager.cpp">
      <Filter>Source Files\Logic</Filter>
    </ClCompile>
    <ClCompile Include="src\crypto.cpp">
      <Filter>Source Files\Logic</Filter>
    </ClCompile>
    <ClCompile Include="src\settings.cpp">
      <Filter>Source Files\Logic</Filter>
    </ClCompile>
    <ClCompile Include="src\updater.cpp">
      <Filter>Source Files\Logic</Filter>
    </ClCompile>
  </ItemGroup>
  <ItemGroup>
    <ClInclude Include="dependencies\include\ImGui\imconfig.h">
      <Filter>Header Files\ImGui</Filter>
    </ClInclude>
    <ClInclude Include="dependencies\include\ImGui\imgui.h">
      <Filter>Header Files\ImGui</Filter>
    </ClInclude>
    <ClInclude Include="dependencies\include\ImGui\imgui_impl_glfw.h">
      <Filter>Header Files\ImGui</Filter>
    </ClInclude>
    <ClInclude Include="dependencies\include\ImGui\imgui_impl_opengl3.h">
      <Filter>Header Files\ImGui</Filter>
    </ClInclude>
    <ClInclude Include="dependencies\include\ImGui\imgui_impl_opengl3_loader.h">
      <Filter>Header Files\ImGui</Filter>
    </ClInclude>
    <ClInclude Include="dependencies\include\ImGui\imgui_internal.h">
      <Filter>Header Files\ImGui</Filter>
    </ClInclude>
    <ClInclude Include="dependencies\include\ImGui\imstb_rectpack.h">
      <Filter>Header Files\ImGui</Filter>
    </ClInclude>
    <ClInclude Include="dependencies\include\ImGui\imstb_textedit.h">
      <Filter>Header Files\ImGui</Filter>
    </ClInclude>
    <ClInclude Include="dependencies\include\ImGui\imstb_truetype.h">
      <Filter>Header Files\ImGui</Filter>
    </ClInclude>
    <ClInclude Include="src\glad.h">
      <Filter>Header Files\Glad</Filter>
    </ClInclude>
    <!-- UI layer headers -->
    <ClInclude Include="src\frame.h">
      <Filter>Header Files\UI</Filter>
    </ClInclude>
    <ClInclude Include="src\app_state.h">
      <Filter>Header Files\UI</Filter>
    </ClInclude>
    <ClInclude Include="src\panels.h">
      <Filter>Header Files\UI</Filter>
    </ClInclude>
    <ClInclude Include="src\popups.h">
      <Filter>Header Files\UI</Filter>
    </ClInclude>
    <ClInclude Include="src\render.h">
      <Filter>Header Files\UI</Filter>
    </ClInclude>
    <ClInclude Include="src\screens.h">
      <Filter>Header Files\UI</Filter>
    </ClInclude>
    <ClInclude Include="src\hatten_font.h">
      <Filter>Header Files\UI</Filter>
    </ClInclude>
    <ClInclude Include="src\sun_moon_font.h">
      <Filter>Header Files\UI</Filter>
    </ClInclude>
    <!-- Logic layer headers -->
    <ClInclude Include="src\password_manager.h">
      <Filter>Header Files\Logic</Filter>
    </ClInclude>
    <ClInclude Include="src\crypto.h">
      <Filter>Header Files\Logic</Filter>
    </ClInclude>
    <ClInclude Include="src\settings.h">
      <Filter>Header Files\Logic</Filter>
    </ClInclude>
    <ClInclude Include="src\updater.h">
      <Filter>Header Files\Logic</Filter>
    </ClInclude>
    <!-- Win32 resources -->
    <ClInclude Include="resource.h">
      <Filter>Header Files</Filter>
    </ClInclude>
    <ClInclude Include="resource1.h">
      <Filter>Header Files</Filter>
    </ClInclude>
  </ItemGroup>
  <ItemGroup>
    <ResourceCompile Include="Resource.rc">
      <Filter>Resource Files</Filter>
    </ResourceCompile>
  </ItemGroup>
  <ItemGroup>
    <Image Include="image.ico">
      <Filter>Resource Files</Filter>
    </Image>
  </ItemGroup>
</Project>